<?xml version="1.0" encoding="utf-8"?>
<Project ToolsVersion="4.0" xmlns="http://schemas.microsoft.com/developer/msbuild/2003">
  <ItemGroup>
    <Filter Include="Source Files">
      <UniqueIdentifier>{4FC737F1-C7A5-4376-A066-2A32D752A2FF}</UniqueIdentifier>
      <Extensions>cpp;c;cc;cxx;def;odl;idl;hpj;bat;asm;asmx</Extensions>
    </Filter>
    <Filter Include="Header Files">
      <UniqueIdentifier>{93995380-89BD-4b04-88EB-625FBE52EBFB}</UniqueIdentifier>
      <Extensions>h;hh;hpp;hxx;hm;inl;inc;xsd</Extensions>
    </Filter>
    <Filter Include="Resource Files">
      <UniqueIdentifier>{67DA6AB6-F800-4c08-8B7A-83BB121AAD01}</UniqueIdentifier>
      <Extensions>rc;ico;cur;bmp;dlg;rc2;rct;bin;rgs;gif;jpg;jpeg;jpe;resx;tiff;tif;png;wav;mfcribbon-ms</Extensions>
    </Filter>
    <Filter Include="Header Files\net">
      <UniqueIdentifier>{6e3ba2d1-6b4f-4182-88d5-6b1effd43c10}</UniqueIdentifier>
    </Filter>
    <Filter Include="Source Files\net">
      <UniqueIdentifier>{4fac2dc0-ff2c-4aa1-bbc9-d20df7f0d08c}</UniqueIdentifier>
    </Filter>
    <Filter Include="Source Files\thread">
      <UniqueIdentifier>{b4cd4a09-43c9-49c2-8138-f2be2abbbb92}</UniqueIdentifier>
    </Filter>
  </ItemGroup>
  <ItemGroup>
    <ClCompile Include="main.cpp">
      <Filter>Source Files</Filter>
    </ClCompile>
    <ClCompile Include="cmdargs.cpp">
      <Filter>Source Files</Filter>
    </ClCompile>
    <ClCompile Include="netclient.cpp">
      <Filter>Source Files\net</Filter>
    </ClCompile>
    <ClCompile Include="netserver.cpp">
      <Filter>Source Files\net</Filter>
    </ClCompile>
    <ClCompile Include="winsock.cpp">
      <Filter>Source Files\net</Filter>
    </ClCompile>
  </ItemGroup>
  <ItemGroup>
    <ClInclude Include="cmdargs.h">
      <Filter>Header Files</Filter>
    </ClInclude>
    <ClInclude Include="stringhelpers.h">
      <Filter>Header Files</Filter>
    </ClInclude>
    <ClInclude Include="netclient.h">
      <Filter>Header Files\net</Filter>
    </ClInclude>
    <ClInclude Include="netserver.h">
      <Filter>Header Files\net</Filter>
    </ClInclude>
    <ClInclude Include="netaddr.h">
      <Filter>Header Files\net</Filter>
    </ClInclude>
    <ClInclude Include="winsock.h">
      <Filter>Source Files\net</Filter>
    </ClInclude>
    <ClInclude Include="common.h">
      <Filter>Source Files\net</Filter>
    </ClInclude>
    <ClInclude Include="threadpool.h">
      <Filter>Source Files\thread</Filter>
    </ClInclude>
    <ClInclude Include="threadqueue.h">
      <Filter>Source Files\thread</Filter>
    </ClInclude>
  </ItemGroup>
</Project>